
Microsoft Visual Studio Solution File, Format Version 12.00
Project("{FAE04EC0-301F-11D3-BF4B-00C04F79EFBC}") = "DemoConnection.Server", "DemoConnection.Server\DemoConnection.Server.csproj", "{D3EB8EE4-A5E3-4C09-B9F7-C656A45407A0}"
EndProject
Project("{FAE04EC0-301F-11D3-BF4B-00C04F79EFBC}") = "DemoConnection.Client", "DemoConnection.Client\DemoConnection.Client.csproj", "{82EEAFE1-28FB-4A5C-89D9-2968D40526ED}"
EndProject
Global
	GlobalSection(SolutionConfigurationPlatforms) = preSolution
		Debug|Any CPU = Debug|Any CPU
		Release|Any CPU = Release|Any CPU
	EndGlobalSection
	GlobalSection(ProjectConfigurationPlatforms) = postSolution
		{D3EB8EE4-A5E3-4C09-B9F7-C656A45407A0}.Debug|Any CPU.ActiveCfg = Debug|Any CPU
		{D3EB8EE4-A5E3-4C09-B9F7-C656A45407A0}.Debug|Any CPU.Build.0 = Debug|Any CPU
		{D3EB8EE4-A5E3-4C09-B9F7-C656A45407A0}.Release|Any CPU.ActiveCfg = Release|Any CPU
		{D3EB8EE4-A5E3-4C09-B9F7-C656A45407A0}.Release|Any CPU.Build.0 = Release|Any CPU
		{82EEAFE1-28FB-4A5C-89D9-2968D40526ED}.Debug|Any CPU.ActiveCfg = Debug|Any CPU
		{82EEAFE1-28FB-4A5C-89D9-2968D40526ED}.Debug|Any CPU.Build.0 = Debug|Any CPU
		{82EEAFE1-28FB-4A5C-89D9-2968D40526ED}.Release|Any CPU.ActiveCfg = Release|Any CPU
		{82EEAFE1-28FB-4A5C-89D9-2968D40526ED}.Release|Any CPU.Build.0 = Release|Any CPU
	EndGlobalSection
EndGlobal
